symfony c2fa73d33aa0a07e8fba0ce49e1de4b16fd53d61
twig f6e49636d1cef286262f85835f7d19ec3df61b4c
monolog b704c49a3051536f67f2d39f13568f74615b9922
doctrine-common 925a052b3c2e9bb7f9a81174a25f48c2e837758f
doctrine-dbal 63b7ef12a51fab0df4588dbd21bd1a3613bc0362
doctrine d444f0e06b6d588d62bdf3493a282cf61bfcd956
swiftmailer d03b11d57c906f6b2b79cebf130b5283590a6e37
assetic f829ad23d23c87480151a21faad49fefe7c09e5d
twig-extensions eba4f5d572bec05c72a47bbd73ba0a3330cf8f54
metadata b633dd5cf8997c27e8a4942108aede2a998606a5
SensioFrameworkExtraBundle b6565d32d71325be1f56943a8758b18f5999de8c
JMSSecurityExtraBundle 31bc5a00e3ea6582894b55bff6cd0764e7c49a71
SensioDistributionBundle a186b53154bc137a65802ef567e4a2eee2082d21
SensioGeneratorBundle 2016dd4752ec52990b3fb304d68422eab3b1e8e0
AsseticBundle bf731e4169343afaaf2225e6490ef8f738d8a45f
FOSRestBundle af7b36193c0a47eba9f419516e4facc0cb447ee0
JMSSerializerBundle 07840cff488b0785c3ccaa608076bbf1ac9d5cdb
JMSAopBundle 19856aedb285d3731334f8f7327af0020ab4914b
cg-library 07dc64df71b926ec12e9c50c8860fe8b7818b81b
LeezyPheanstalkBundle ad1b1d2a9b55621260bcde2dc92e202bc4036012